
Microsoft Visual Studio Solution File, Format Version 11.00
# Visual Studio 2010
Project("{8BC9CEB8-8B4A-11D0-8D11-00A0C91BC942}") = "guiunyu", "guiunyu\guiunyu.vcxproj", "{634C883E-6A95-4275-8A7A-F438EFC2910C}"
EndProject
Global
	GlobalSection(SolutionConfigurationPlatforms) = preSolution
		Debug|Win32 = Debug|Win32
		Release|Win32 = Release|Win32
	EndGlobalSection
	GlobalSection(ProjectConfigurationPlatforms) = postSolution
		{634C883E-6A95-4275-8A7A-F438EFC2910C}.Debug|Win32.ActiveCfg = Debug|Win32
		{634C883E-6A95-4275-8A7A-F438EFC2910C}.Debug|Win32.Build.0 = Debug|Win32
		{634C883E-6A95-4275-8A7A-F438EFC2910C}.Release|Win32.ActiveCfg = Release|Win32
		{634C883E-6A95-4275-8A7A-F438EFC2910C}.Release|Win32.Build.0 = Release|Win32
	EndGlobalSection
	GlobalSection(SolutionProperties) = preSolution
		HideSolutionNode = FALSE
	EndGlobalSection
EndGlobal
